
Microsoft Visual Studio Solution File, Format Version 12.00
# Visual Studio Version 16
VisualStudioVersion = 16.0.30114.105
MinimumVisualStudioVersion = 10.0.40219.1
Project("{FAE04EC0-301F-11D3-BF4B-00C04F79EFBC}") = "uri1046", "uri1046\uri1046.csproj", "{A8B2854A-E626-416F-9207-7413558FEDD1}"
EndProject
Global
	GlobalSection(SolutionConfigurationPlatforms) = preSolution
		Debug|Any CPU = Debug|Any CPU
		Release|Any CPU = Release|Any CPU
	EndGlobalSection
	GlobalSection(ProjectConfigurationPlatforms) = postSolution
		{A8B2854A-E626-416F-9207-7413558FEDD1}.Debug|Any CPU.ActiveCfg = Debug|Any CPU
		{A8B2854A-E626-416F-9207-7413558FEDD1}.Debug|Any CPU.Build.0 = Debug|Any CPU
		{A8B2854A-E626-416F-9207-7413558FEDD1}.Release|Any CPU.ActiveCfg = Release|Any CPU
		{A8B2854A-E626-416F-9207-7413558FEDD1}.Release|Any CPU.Build.0 = Release|Any CPU
	EndGlobalSection
	GlobalSection(SolutionProperties) = preSolution
		HideSolutionNode = FALSE
	EndGlobalSection
	GlobalSection(ExtensibilityGlobals) = postSolution
		SolutionGuid = {B485B85B-90B3-49FD-95C1-70BEC4C905B9}
	EndGlobalSection
EndGlobal
